<?xml version="1.0" encoding="utf-8"?>
<Project ToolsVersion="4.0" xmlns="http://schemas.microsoft.com/developer/msbuild/2003">
  <ItemGroup>
    <Filter Include="リソース ファイル">
      <UniqueIdentifier>{67DA6AB6-F800-4c08-8B7A-83BB121AAD01}</UniqueIdentifier>
      <Extensions>rc;ico;cur;bmp;dlg;rc2;rct;bin;rgs;gif;jpg;jpeg;jpe;resx;tiff;tif;png;wav;mfcribbon-ms</Extensions>
    </Filter>
    <Filter Include="Engine">
      <UniqueIdentifier>{9214b52f-a14a-4ae8-96bb-1fa4d26aca69}</UniqueIdentifier>
    </Filter>
    <Filter Include="Engine\WinApp">
      <UniqueIdentifier>{390fbc3f-1830-4201-b597-1b32b81c5255}</UniqueIdentifier>
    </Filter>
    <Filter Include="Engine\Log">
      <UniqueIdentifier>{52a99cb4-51f8-4ece-a7b7-6b838d6f8377}</UniqueIdentifier>
    </Filter>
    <Filter Include="Engine\math">
      <UniqueIdentifier>{ae60cc3a-8814-49bf-847a-6065ffb081be}</UniqueIdentifier>
    </Filter>
    <Filter Include="Engine\DirectX">
      <UniqueIdentifier>{d2bce76d-b3f3-4653-bab5-97711908d43d}</UniqueIdentifier>
    </Filter>
    <Filter Include="Engine\Sprite">
      <UniqueIdentifier>{90dea0c8-2770-4427-afb1-0897f7131e9d}</UniqueIdentifier>
    </Filter>
    <Filter Include="Engine\Sprite\SpCommon">
      <UniqueIdentifier>{ec9eecbc-ab74-4f9b-8d31-519ddc4366c0}</UniqueIdentifier>
    </Filter>
    <Filter Include="Engine\Graphics">
      <UniqueIdentifier>{d336c293-1c4f-4e1d-a02c-b34799695383}</UniqueIdentifier>
    </Filter>
    <Filter Include="Engine\TextureManager">
      <UniqueIdentifier>{e0656fe0-9e32-48c1-aeba-f6e1c6579e81}</UniqueIdentifier>
    </Filter>
    <Filter Include="Engine\Model">
      <UniqueIdentifier>{e7c84335-d132-4d1b-bfd5-c9dabf503a9c}</UniqueIdentifier>
    </Filter>
    <Filter Include="Engine\Function">
      <UniqueIdentifier>{efa9a544-0dca-4df2-86b7-847870886dbd}</UniqueIdentifier>
    </Filter>
    <Filter Include="Engine\WorldTransform">
      <UniqueIdentifier>{2984dcd9-83d9-4ed8-963c-2d45c876a8cf}</UniqueIdentifier>
    </Filter>
    <Filter Include="Engine\Input">
      <UniqueIdentifier>{f90486c6-417b-42b5-99ee-c542e7a4d130}</UniqueIdentifier>
    </Filter>
    <Filter Include="Engine\Camera">
      <UniqueIdentifier>{53ccce7d-667a-4c91-a596-8e4a6aee45b3}</UniqueIdentifier>
    </Filter>
    <Filter Include="Engine\MainSystem">
      <UniqueIdentifier>{19647fad-a6e8-46f4-9f68-c4f164b49362}</UniqueIdentifier>
    </Filter>
    <Filter Include="Engine\GlobalVariables">
      <UniqueIdentifier>{67ea9f6a-9f72-4887-9cba-cb0d8cffc083}</UniqueIdentifier>
    </Filter>
    <Filter Include="Engine\shaders">
      <UniqueIdentifier>{bf93b4c9-ca46-409a-9eb2-376aa0fb46c0}</UniqueIdentifier>
    </Filter>
    <Filter Include="Engine\math\Vector3">
      <UniqueIdentifier>{2c85f174-d6b7-4e52-be72-3f2b1bf8228d}</UniqueIdentifier>
    </Filter>
    <Filter Include="Engine\Collider">
      <UniqueIdentifier>{2b2e9f2b-b756-43e4-89dd-acf02edfff59}</UniqueIdentifier>
    </Filter>
    <Filter Include="Engine\math\Vector2">
      <UniqueIdentifier>{3ddbc9cd-ecaa-4763-84b6-e84ce1371cce}</UniqueIdentifier>
    </Filter>
    <Filter Include="Engine\shaders\Particle">
      <UniqueIdentifier>{3aaaa7a4-0de1-49e9-8fa6-ae5590aea0b3}</UniqueIdentifier>
    </Filter>
    <Filter Include="Engine\SRVManager">
      <UniqueIdentifier>{8148049b-14c9-41e8-94c4-dcfbb9b7fafc}</UniqueIdentifier>
    </Filter>
    <Filter Include="Engine\RandomNumber">
      <UniqueIdentifier>{bc883696-06e8-48e9-ad91-c56b421ce6d5}</UniqueIdentifier>
    </Filter>
    <Filter Include="Engine\math\Quaternion">
      <UniqueIdentifier>{8db43f59-6d09-46c3-a68b-79d6020c5751}</UniqueIdentifier>
    </Filter>
    <Filter Include="Engine\Particle">
      <UniqueIdentifier>{4cd3c152-b672-40a4-9178-0455b9bdd6b9}</UniqueIdentifier>
    </Filter>
    <Filter Include="Engine\imguiManager">
      <UniqueIdentifier>{1465b00c-31f5-4ebb-906a-bc5cf633f34c}</UniqueIdentifier>
    </Filter>
    <Filter Include="Externals">
      <UniqueIdentifier>{eb59cb44-24e1-4225-9a97-676aef1a8dae}</UniqueIdentifier>
    </Filter>
    <Filter Include="Externals\imgui">
      <UniqueIdentifier>{42dfa00b-bee8-4df7-bb64-c7b2d65e7a72}</UniqueIdentifier>
    </Filter>
    <Filter Include="Application">
      <UniqueIdentifier>{0eca4390-86e9-47da-b6da-dcd120626ebe}</UniqueIdentifier>
    </Filter>
    <Filter Include="Application\Scene">
      <UniqueIdentifier>{4dbe687d-f2cc-4c13-a029-817ad96bae07}</UniqueIdentifier>
    </Filter>
    <Filter Include="Application\Player">
      <UniqueIdentifier>{3de7a9a3-6768-4f70-af12-c998bac9774d}</UniqueIdentifier>
    </Filter>
    <Filter Include="Application\LockOn">
      <UniqueIdentifier>{ff0087b2-f60c-405a-ae48-3647c4cb644a}</UniqueIdentifier>
    </Filter>
    <Filter Include="Application\Enemy">
      <UniqueIdentifier>{4f8a6f65-2629-4e06-8d88-29eab1bf79e9}</UniqueIdentifier>
    </Filter>
    <Filter Include="Application\Effect">
      <UniqueIdentifier>{fad6fc26-10a2-48cb-a91d-fcaf78b7a498}</UniqueIdentifier>
    </Filter>
    <Filter Include="Engine\ModelManager">
      <UniqueIdentifier>{023ac756-42aa-48b1-82a3-4bfb4d58275d}</UniqueIdentifier>
    </Filter>
    <Filter Include="Engine\AScene">
      <UniqueIdentifier>{8fcb961d-9c21-4419-899d-313ffa72a720}</UniqueIdentifier>
    </Filter>
    <Filter Include="Engine\AScene\MT4Scene">
      <UniqueIdentifier>{d4ed701b-5b30-4e8f-bbaa-70dcd029f871}</UniqueIdentifier>
    </Filter>
    <Filter Include="Engine\AScene\DebugScene">
      <UniqueIdentifier>{b8bbc1d2-5510-422c-b144-06714b12681d}</UniqueIdentifier>
    </Filter>
    <Filter Include="Engine\AssimpManager">
      <UniqueIdentifier>{4b6b0cc9-8f21-4f9f-93a3-711914dacf1d}</UniqueIdentifier>
    </Filter>
    <Filter Include="Application\Scene\SceneManager">
      <UniqueIdentifier>{48c0c8df-c532-4d1b-9333-bfc31c4e2df1}</UniqueIdentifier>
    </Filter>
    <Filter Include="Application\Scene\IScene">
      <UniqueIdentifier>{2fddbf4f-e4c8-45ed-b79f-f5a461c0ea79}</UniqueIdentifier>
    </Filter>
    <Filter Include="Application\Scene\GameScene">
      <UniqueIdentifier>{d697a97c-4773-4eb1-ac77-af62b84b9581}</UniqueIdentifier>
    </Filter>
  </ItemGroup>
  <ItemGroup>
    <ClCompile Include="externals\Imgui\imgui.cpp">
      <Filter>Externals\imgui</Filter>
    </ClCompile>
    <ClCompile Include="externals\Imgui\imgui_demo.cpp">
      <Filter>Externals\imgui</Filter>
    </ClCompile>
    <ClCompile Include="externals\Imgui\imgui_draw.cpp">
      <Filter>Externals\imgui</Filter>
    </ClCompile>
    <ClCompile Include="externals\Imgui\imgui_impl_dx12.cpp">
      <Filter>Externals\imgui</Filter>
    </ClCompile>
    <ClCompile Include="externals\Imgui\imgui_impl_win32.cpp">
      <Filter>Externals\imgui</Filter>
    </ClCompile>
    <ClCompile Include="externals\Imgui\imgui_tables.cpp">
      <Filter>Externals\imgui</Filter>
    </ClCompile>
    <ClCompile Include="externals\Imgui\imgui_widgets.cpp">
      <Filter>Externals\imgui</Filter>
    </ClCompile>
    <ClCompile Include="WinApp.cpp">
      <Filter>Engine\WinApp</Filter>
    </ClCompile>
    <ClCompile Include="Log.cpp">
      <Filter>Engine\Log</Filter>
    </ClCompile>
    <ClCompile Include="Matrix.cpp">
      <Filter>Engine\math</Filter>
    </ClCompile>
    <ClCompile Include="ImGuiManager.cpp">
      <Filter>Engine\imguiManager</Filter>
    </ClCompile>
    <ClCompile Include="DirectXFunc.cpp">
      <Filter>Engine\DirectX</Filter>
    </ClCompile>
    <ClCompile Include="Sprite.cpp">
      <Filter>Engine\Sprite</Filter>
    </ClCompile>
    <ClCompile Include="SpCommon.cpp">
      <Filter>Engine\Sprite\SpCommon</Filter>
    </ClCompile>
    <ClCompile Include="Graphics.cpp">
      <Filter>Engine\Graphics</Filter>
    </ClCompile>
    <ClCompile Include="TextureManager.cpp">
      <Filter>Engine\TextureManager</Filter>
    </ClCompile>
    <ClCompile Include="Model.cpp">
      <Filter>Engine\Model</Filter>
    </ClCompile>
    <ClCompile Include="function.cpp">
      <Filter>Engine\Function</Filter>
    </ClCompile>
    <ClCompile Include="WorldTransform.cpp">
      <Filter>Engine\WorldTransform</Filter>
    </ClCompile>
    <ClCompile Include="Input.cpp">
      <Filter>Engine\Input</Filter>
    </ClCompile>
    <ClCompile Include="MainSystem.cpp">
      <Filter>Engine\MainSystem</Filter>
    </ClCompile>
    <ClCompile Include="Camera.cpp">
      <Filter>Engine\Camera</Filter>
    </ClCompile>
    <ClCompile Include="GlobalVariables.cpp">
      <Filter>Engine\GlobalVariables</Filter>
    </ClCompile>
    <ClCompile Include="Player.cpp">
      <Filter>Application\Player</Filter>
    </ClCompile>
    <ClCompile Include="Vector3.cpp">
      <Filter>Engine\math\Vector3</Filter>
    </ClCompile>
    <ClCompile Include="DebugScene.cpp">
      <Filter>Engine\AScene\DebugScene</Filter>
    </ClCompile>
    <ClCompile Include="Enemy.cpp">
      <Filter>Application\Enemy</Filter>
    </ClCompile>
    <ClCompile Include="BoxColider.cpp">
      <Filter>Engine\Collider</Filter>
    </ClCompile>
    <ClCompile Include="main.cpp" />
    <ClCompile Include="LockOn.cpp">
      <Filter>Application\LockOn</Filter>
    </ClCompile>
    <ClCompile Include="EffectHit.cpp">
      <Filter>Application\Effect</Filter>
    </ClCompile>
    <ClCompile Include="Vector2.cpp">
      <Filter>Engine\math\Vector2</Filter>
    </ClCompile>
    <ClCompile Include="SRVManager.cpp">
      <Filter>Engine\SRVManager</Filter>
    </ClCompile>
    <ClCompile Include="RandomNum.cpp">
      <Filter>Engine\RandomNumber</Filter>
    </ClCompile>
    <ClCompile Include="Quaternion.cpp">
      <Filter>Engine\math\Quaternion</Filter>
    </ClCompile>
    <ClCompile Include="MT4Scene.cpp">
      <Filter>Engine\AScene\MT4Scene</Filter>
    </ClCompile>
    <ClCompile Include="ParticleEmiter.cpp">
      <Filter>Engine\Particle</Filter>
    </ClCompile>
    <ClCompile Include="Particle.cpp">
      <Filter>Engine\Particle</Filter>
    </ClCompile>
    <ClCompile Include="ModelManager.cpp">
      <Filter>Engine\ModelManager</Filter>
    </ClCompile>
    <ClCompile Include="AssimpManager.cpp">
      <Filter>Engine\AssimpManager</Filter>
    </ClCompile>
    <ClCompile Include="IScene.cpp">
      <Filter>Application\Scene\IScene</Filter>
    </ClCompile>
    <ClCompile Include="SceneManager.cpp">
      <Filter>Application\Scene\SceneManager</Filter>
    </ClCompile>
    <ClCompile Include="GameScene.cpp">
      <Filter>Application\Scene\GameScene</Filter>
    </ClCompile>
  </ItemGroup>
  <ItemGroup>
    <FxCompile Include="resources\shaders\Object3d.PS.hlsl">
      <Filter>Engine\shaders</Filter>
    </FxCompile>
    <FxCompile Include="resources\shaders\Object3d.VS.hlsl">
      <Filter>Engine\shaders</Filter>
    </FxCompile>
    <FxCompile Include="resources\shaders\Particle.PS.hlsl">
      <Filter>Engine\shaders\Particle</Filter>
    </FxCompile>
    <FxCompile Include="resources\shaders\Particle.VS.hlsl">
      <Filter>Engine\shaders\Particle</Filter>
    </FxCompile>
  </ItemGroup>
  <ItemGroup>
    <ClInclude Include="externals\Imgui\imconfig.h">
      <Filter>Externals\imgui</Filter>
    </ClInclude>
    <ClInclude Include="externals\Imgui\imgui.h">
      <Filter>Externals\imgui</Filter>
    </ClInclude>
    <ClInclude Include="externals\Imgui\imgui_impl_dx12.h">
      <Filter>Externals\imgui</Filter>
    </ClInclude>
    <ClInclude Include="externals\Imgui\imgui_impl_win32.h">
      <Filter>Externals\imgui</Filter>
    </ClInclude>
    <ClInclude Include="externals\Imgui\imgui_internal.h">
      <Filter>Externals\imgui</Filter>
    </ClInclude>
    <ClInclude Include="externals\Imgui\imstb_rectpack.h">
      <Filter>Externals\imgui</Filter>
    </ClInclude>
    <ClInclude Include="externals\Imgui\imstb_textedit.h">
      <Filter>Externals\imgui</Filter>
    </ClInclude>
    <ClInclude Include="externals\Imgui\imstb_truetype.h">
      <Filter>Externals\imgui</Filter>
    </ClInclude>
    <ClInclude Include="WinApp.h">
      <Filter>Engine\WinApp</Filter>
    </ClInclude>
    <ClInclude Include="Log.h">
      <Filter>Engine\Log</Filter>
    </ClInclude>
    <ClInclude Include="Matrix.h">
      <Filter>Engine\math</Filter>
    </ClInclude>
    <ClInclude Include="ImGuiManager.h">
      <Filter>Engine\imguiManager</Filter>
    </ClInclude>
    <ClInclude Include="DirectXFunc.h">
      <Filter>Engine\DirectX</Filter>
    </ClInclude>
    <ClInclude Include="Sprite.h">
      <Filter>Engine\Sprite</Filter>
    </ClInclude>
    <ClInclude Include="SpCommon.h">
      <Filter>Engine\Sprite\SpCommon</Filter>
    </ClInclude>
    <ClInclude Include="Graphics.h">
      <Filter>Engine\Graphics</Filter>
    </ClInclude>
    <ClInclude Include="TextureManager.h">
      <Filter>Engine\TextureManager</Filter>
    </ClInclude>
    <ClInclude Include="Model.h">
      <Filter>Engine\Model</Filter>
    </ClInclude>
    <ClInclude Include="function.h">
      <Filter>Engine\Function</Filter>
    </ClInclude>
    <ClInclude Include="WorldTransform.h">
      <Filter>Engine\WorldTransform</Filter>
    </ClInclude>
    <ClInclude Include="Input.h">
      <Filter>Engine\Input</Filter>
    </ClInclude>
    <ClInclude Include="MainSystem.h">
      <Filter>Engine\MainSystem</Filter>
    </ClInclude>
    <ClInclude Include="Camera.h">
      <Filter>Engine\Camera</Filter>
    </ClInclude>
    <ClInclude Include="GlobalVariables.h">
      <Filter>Engine\GlobalVariables</Filter>
    </ClInclude>
    <ClInclude Include="Player.h">
      <Filter>Application\Player</Filter>
    </ClInclude>
    <ClInclude Include="Vector3.h">
      <Filter>Engine\math\Vector3</Filter>
    </ClInclude>
    <ClInclude Include="DebugScene.h">
      <Filter>Engine\AScene\DebugScene</Filter>
    </ClInclude>
    <ClInclude Include="Enemy.h">
      <Filter>Application\Enemy</Filter>
    </ClInclude>
    <ClInclude Include="BoxColider.h">
      <Filter>Engine\Collider</Filter>
    </ClInclude>
    <ClInclude Include="LockOn.h">
      <Filter>Application\LockOn</Filter>
    </ClInclude>
    <ClInclude Include="EffectHit.h">
      <Filter>Application\Effect</Filter>
    </ClInclude>
    <ClInclude Include="Vector2.h">
      <Filter>Engine\math\Vector2</Filter>
    </ClInclude>
    <ClInclude Include="SRVManager.h">
      <Filter>Engine\SRVManager</Filter>
    </ClInclude>
    <ClInclude Include="RandomNum.h">
      <Filter>Engine\RandomNumber</Filter>
    </ClInclude>
    <ClInclude Include="Quaternion.h">
      <Filter>Engine\math\Quaternion</Filter>
    </ClInclude>
    <ClInclude Include="MT4Scene.h">
      <Filter>Engine\AScene\MT4Scene</Filter>
    </ClInclude>
    <ClInclude Include="ParticleEmiter.h">
      <Filter>Engine\Particle</Filter>
    </ClInclude>
    <ClInclude Include="Particle.h">
      <Filter>Engine\Particle</Filter>
    </ClInclude>
    <ClInclude Include="ModelManager.h">
      <Filter>Engine\ModelManager</Filter>
    </ClInclude>
    <ClInclude Include="AssimpManager.h">
      <Filter>Engine\AssimpManager</Filter>
    </ClInclude>
    <ClInclude Include="IScene.h">
      <Filter>Application\Scene\IScene</Filter>
    </ClInclude>
    <ClInclude Include="SceneManager.h">
      <Filter>Application\Scene\SceneManager</Filter>
    </ClInclude>
    <ClInclude Include="GameScene.h">
      <Filter>Application\Scene\GameScene</Filter>
    </ClInclude>
  </ItemGroup>
  <ItemGroup>
    <Text Include="externals\Imgui\LICENSE.txt">
      <Filter>Externals\imgui</Filter>
    </Text>
  </ItemGroup>
  <ItemGroup>
    <None Include="resources\shaders\Object3d.hlsli">
      <Filter>Engine\shaders</Filter>
    </None>
    <None Include="resources\shaders\Particle.hlsli">
      <Filter>Engine\shaders\Particle</Filter>
    </None>
  </ItemGroup>
</Project>