<?xml version="1.0" encoding="utf-8"?>
<Project ToolsVersion="4.0" xmlns="http://schemas.microsoft.com/developer/msbuild/2003">
  <ItemGroup>
    <Filter Include="ソース ファイル">
      <UniqueIdentifier>{4FC737F1-C7A5-4376-A066-2A32D752A2FF}</UniqueIdentifier>
      <Extensions>cpp;c;cc;cxx;c++;cppm;ixx;def;odl;idl;hpj;bat;asm;asmx</Extensions>
    </Filter>
    <Filter Include="ヘッダー ファイル">
      <UniqueIdentifier>{93995380-89BD-4b04-88EB-625FBE52EBFB}</UniqueIdentifier>
      <Extensions>h;hh;hpp;hxx;h++;hm;inl;inc;ipp;xsd</Extensions>
    </Filter>
    <Filter Include="リソース ファイル">
      <UniqueIdentifier>{67DA6AB6-F800-4c08-8B7A-83BB121AAD01}</UniqueIdentifier>
      <Extensions>rc;ico;cur;bmp;dlg;rc2;rct;bin;rgs;gif;jpg;jpeg;jpe;resx;tiff;tif;png;wav;mfcribbon-ms</Extensions>
    </Filter>
    <Filter Include="imgui">
      <UniqueIdentifier>{42dfa00b-bee8-4df7-bb64-c7b2d65e7a72}</UniqueIdentifier>
    </Filter>
    <Filter Include="Engine">
      <UniqueIdentifier>{9214b52f-a14a-4ae8-96bb-1fa4d26aca69}</UniqueIdentifier>
    </Filter>
    <Filter Include="Engine\WinApp">
      <UniqueIdentifier>{390fbc3f-1830-4201-b597-1b32b81c5255}</UniqueIdentifier>
    </Filter>
    <Filter Include="Engine\Log">
      <UniqueIdentifier>{52a99cb4-51f8-4ece-a7b7-6b838d6f8377}</UniqueIdentifier>
    </Filter>
    <Filter Include="Engine\math">
      <UniqueIdentifier>{ae60cc3a-8814-49bf-847a-6065ffb081be}</UniqueIdentifier>
    </Filter>
    <Filter Include="imgui\imguiManager">
      <UniqueIdentifier>{1465b00c-31f5-4ebb-906a-bc5cf633f34c}</UniqueIdentifier>
    </Filter>
    <Filter Include="Engine\DirectX">
      <UniqueIdentifier>{d2bce76d-b3f3-4653-bab5-97711908d43d}</UniqueIdentifier>
    </Filter>
    <Filter Include="Engine\Sprite">
      <UniqueIdentifier>{90dea0c8-2770-4427-afb1-0897f7131e9d}</UniqueIdentifier>
    </Filter>
    <Filter Include="Engine\Sprite\SpCommon">
      <UniqueIdentifier>{ec9eecbc-ab74-4f9b-8d31-519ddc4366c0}</UniqueIdentifier>
    </Filter>
    <Filter Include="Engine\Graphics">
      <UniqueIdentifier>{d336c293-1c4f-4e1d-a02c-b34799695383}</UniqueIdentifier>
    </Filter>
    <Filter Include="Engine\TextureManager">
      <UniqueIdentifier>{e0656fe0-9e32-48c1-aeba-f6e1c6579e81}</UniqueIdentifier>
    </Filter>
    <Filter Include="Engine\Model">
      <UniqueIdentifier>{e7c84335-d132-4d1b-bfd5-c9dabf503a9c}</UniqueIdentifier>
    </Filter>
    <Filter Include="Engine\Function">
      <UniqueIdentifier>{efa9a544-0dca-4df2-86b7-847870886dbd}</UniqueIdentifier>
    </Filter>
    <Filter Include="Engine\WorldTransform">
      <UniqueIdentifier>{2984dcd9-83d9-4ed8-963c-2d45c876a8cf}</UniqueIdentifier>
    </Filter>
    <Filter Include="Engine\Input">
      <UniqueIdentifier>{f90486c6-417b-42b5-99ee-c542e7a4d130}</UniqueIdentifier>
    </Filter>
    <Filter Include="Scene">
      <UniqueIdentifier>{4dbe687d-f2cc-4c13-a029-817ad96bae07}</UniqueIdentifier>
    </Filter>
    <Filter Include="Engine\Camera">
      <UniqueIdentifier>{53ccce7d-667a-4c91-a596-8e4a6aee45b3}</UniqueIdentifier>
    </Filter>
    <Filter Include="Engine\MainSystem">
      <UniqueIdentifier>{19647fad-a6e8-46f4-9f68-c4f164b49362}</UniqueIdentifier>
    </Filter>
    <Filter Include="Engine\NewFilter1">
      <UniqueIdentifier>{fadc7696-22d4-4e59-ab5d-4f09a800cb2e}</UniqueIdentifier>
    </Filter>
    <Filter Include="Engine\GlobalVariables">
      <UniqueIdentifier>{67ea9f6a-9f72-4887-9cba-cb0d8cffc083}</UniqueIdentifier>
    </Filter>
    <Filter Include="Player">
      <UniqueIdentifier>{3de7a9a3-6768-4f70-af12-c998bac9774d}</UniqueIdentifier>
    </Filter>
    <Filter Include="Engine\shaders">
      <UniqueIdentifier>{bf93b4c9-ca46-409a-9eb2-376aa0fb46c0}</UniqueIdentifier>
    </Filter>
    <Filter Include="Engine\math\Vector3">
      <UniqueIdentifier>{2c85f174-d6b7-4e52-be72-3f2b1bf8228d}</UniqueIdentifier>
    </Filter>
    <Filter Include="Scene\DebugScene">
      <UniqueIdentifier>{b8bbc1d2-5510-422c-b144-06714b12681d}</UniqueIdentifier>
    </Filter>
  </ItemGroup>
  <ItemGroup>
    <ClCompile Include="main.cpp">
      <Filter>ソース ファイル</Filter>
    </ClCompile>
    <ClCompile Include="externals\Imgui\imgui.cpp">
      <Filter>imgui</Filter>
    </ClCompile>
    <ClCompile Include="externals\Imgui\imgui_demo.cpp">
      <Filter>imgui</Filter>
    </ClCompile>
    <ClCompile Include="externals\Imgui\imgui_draw.cpp">
      <Filter>imgui</Filter>
    </ClCompile>
    <ClCompile Include="externals\Imgui\imgui_impl_dx12.cpp">
      <Filter>imgui</Filter>
    </ClCompile>
    <ClCompile Include="externals\Imgui\imgui_impl_win32.cpp">
      <Filter>imgui</Filter>
    </ClCompile>
    <ClCompile Include="externals\Imgui\imgui_tables.cpp">
      <Filter>imgui</Filter>
    </ClCompile>
    <ClCompile Include="externals\Imgui\imgui_widgets.cpp">
      <Filter>imgui</Filter>
    </ClCompile>
    <ClCompile Include="WinApp.cpp">
      <Filter>Engine\WinApp</Filter>
    </ClCompile>
    <ClCompile Include="Log.cpp">
      <Filter>Engine\Log</Filter>
    </ClCompile>
    <ClCompile Include="Matrix.cpp">
      <Filter>Engine\math</Filter>
    </ClCompile>
    <ClCompile Include="ImGuiManager.cpp">
      <Filter>imgui\imguiManager</Filter>
    </ClCompile>
    <ClCompile Include="DirectXFunc.cpp">
      <Filter>Engine\DirectX</Filter>
    </ClCompile>
    <ClCompile Include="Sprite.cpp">
      <Filter>Engine\Sprite</Filter>
    </ClCompile>
    <ClCompile Include="SpCommon.cpp">
      <Filter>Engine\Sprite\SpCommon</Filter>
    </ClCompile>
    <ClCompile Include="Graphics.cpp">
      <Filter>Engine\Graphics</Filter>
    </ClCompile>
    <ClCompile Include="TextureManager.cpp">
      <Filter>Engine\TextureManager</Filter>
    </ClCompile>
    <ClCompile Include="Model.cpp">
      <Filter>Engine\Model</Filter>
    </ClCompile>
    <ClCompile Include="function.cpp">
      <Filter>Engine\Function</Filter>
    </ClCompile>
    <ClCompile Include="WorldTransform.cpp">
      <Filter>Engine\WorldTransform</Filter>
    </ClCompile>
    <ClCompile Include="Input.cpp">
      <Filter>Engine\Input</Filter>
    </ClCompile>
    <ClCompile Include="InGame.cpp">
      <Filter>Scene</Filter>
    </ClCompile>
    <ClCompile Include="MainSystem.cpp">
      <Filter>Engine\MainSystem</Filter>
    </ClCompile>
    <ClCompile Include="Camera.cpp">
      <Filter>Engine\Camera</Filter>
    </ClCompile>
    <ClCompile Include="GlobalVariables.cpp">
      <Filter>Engine\GlobalVariables</Filter>
    </ClCompile>
    <ClCompile Include="Player.cpp">
      <Filter>Player</Filter>
    </ClCompile>
    <ClCompile Include="Vector3.cpp">
      <Filter>Engine\math\Vector3</Filter>
    </ClCompile>
    <ClCompile Include="DebugScene.cpp">
      <Filter>Scene\DebugScene</Filter>
    </ClCompile>
  </ItemGroup>
  <ItemGroup>
    <FxCompile Include="resources\shaders\Object3d.PS.hlsl">
      <Filter>Engine\shaders</Filter>
    </FxCompile>
    <FxCompile Include="resources\shaders\Object3d.VS.hlsl">
      <Filter>Engine\shaders</Filter>
    </FxCompile>
    <FxCompile Include="Particle.VS.hlsl">
      <Filter>Engine\shaders</Filter>
    </FxCompile>
    <FxCompile Include="Particle.PS.hlsl">
      <Filter>Engine\shaders</Filter>
    </FxCompile>
  </ItemGroup>
  <ItemGroup>
    <ClInclude Include="externals\Imgui\imconfig.h">
      <Filter>imgui</Filter>
    </ClInclude>
    <ClInclude Include="externals\Imgui\imgui.h">
      <Filter>imgui</Filter>
    </ClInclude>
    <ClInclude Include="externals\Imgui\imgui_impl_dx12.h">
      <Filter>imgui</Filter>
    </ClInclude>
    <ClInclude Include="externals\Imgui\imgui_impl_win32.h">
      <Filter>imgui</Filter>
    </ClInclude>
    <ClInclude Include="externals\Imgui\imgui_internal.h">
      <Filter>imgui</Filter>
    </ClInclude>
    <ClInclude Include="externals\Imgui\imstb_rectpack.h">
      <Filter>imgui</Filter>
    </ClInclude>
    <ClInclude Include="externals\Imgui\imstb_textedit.h">
      <Filter>imgui</Filter>
    </ClInclude>
    <ClInclude Include="externals\Imgui\imstb_truetype.h">
      <Filter>imgui</Filter>
    </ClInclude>
    <ClInclude Include="WinApp.h">
      <Filter>Engine\WinApp</Filter>
    </ClInclude>
    <ClInclude Include="Log.h">
      <Filter>Engine\Log</Filter>
    </ClInclude>
    <ClInclude Include="Matrix.h">
      <Filter>Engine\math</Filter>
    </ClInclude>
    <ClInclude Include="ImGuiManager.h">
      <Filter>imgui\imguiManager</Filter>
    </ClInclude>
    <ClInclude Include="DirectXFunc.h">
      <Filter>Engine\DirectX</Filter>
    </ClInclude>
    <ClInclude Include="Sprite.h">
      <Filter>Engine\Sprite</Filter>
    </ClInclude>
    <ClInclude Include="SpCommon.h">
      <Filter>Engine\Sprite\SpCommon</Filter>
    </ClInclude>
    <ClInclude Include="Graphics.h">
      <Filter>Engine\Graphics</Filter>
    </ClInclude>
    <ClInclude Include="TextureManager.h">
      <Filter>Engine\TextureManager</Filter>
    </ClInclude>
    <ClInclude Include="Model.h">
      <Filter>Engine\Model</Filter>
    </ClInclude>
    <ClInclude Include="function.h">
      <Filter>Engine\Function</Filter>
    </ClInclude>
    <ClInclude Include="WorldTransform.h">
      <Filter>Engine\WorldTransform</Filter>
    </ClInclude>
    <ClInclude Include="Input.h">
      <Filter>Engine\Input</Filter>
    </ClInclude>
    <ClInclude Include="InGame.h">
      <Filter>Scene</Filter>
    </ClInclude>
    <ClInclude Include="MainSystem.h">
      <Filter>Engine\MainSystem</Filter>
    </ClInclude>
    <ClInclude Include="Camera.h">
      <Filter>Engine\Camera</Filter>
    </ClInclude>
    <ClInclude Include="GlobalVariables.h">
      <Filter>Engine\GlobalVariables</Filter>
    </ClInclude>
    <ClInclude Include="Player.h">
      <Filter>Player</Filter>
    </ClInclude>
    <ClInclude Include="Vector2.h">
      <Filter>Engine\math</Filter>
    </ClInclude>
    <ClInclude Include="Vector3.h">
      <Filter>Engine\math\Vector3</Filter>
    </ClInclude>
    <ClInclude Include="DebugScene.h">
      <Filter>Scene\DebugScene</Filter>
    </ClInclude>
  </ItemGroup>
  <ItemGroup>
    <Text Include="externals\Imgui\LICENSE.txt">
      <Filter>imgui</Filter>
    </Text>
  </ItemGroup>
  <ItemGroup>
    <None Include="resources\shaders\Object3d.hlsli">
      <Filter>Engine\shaders</Filter>
    </None>
    <None Include="Particle.hlsli">
      <Filter>Engine\shaders</Filter>
    </None>
  </ItemGroup>
</Project>